
Microsoft Visual Studio Solution File, Format Version 12.00
# Visual Studio Version 17
VisualStudioVersion = 17.14.36310.24 d17.14
MinimumVisualStudioVersion = 10.0.40219.1
Project("{FAE04EC0-301F-11D3-BF4B-00C04F79EFBC}") = "ConsoleAppTeste", "ConsoleAppTeste\ConsoleAppTeste.csproj", "{4866428B-71CB-46BB-BAD9-754BE8BC0237}"
EndProject
Global
	GlobalSection(SolutionConfigurationPlatforms) = preSolution
		Debug|Any CPU = Debug|Any CPU
		Release|Any CPU = Release|Any CPU
	EndGlobalSection
	GlobalSection(ProjectConfigurationPlatforms) = postSolution
		{4866428B-71CB-46BB-BAD9-754BE8BC0237}.Debug|Any CPU.ActiveCfg = Debug|Any CPU
		{4866428B-71CB-46BB-BAD9-754BE8BC0237}.Debug|Any CPU.Build.0 = Debug|Any CPU
		{4866428B-71CB-46BB-BAD9-754BE8BC0237}.Release|Any CPU.ActiveCfg = Release|Any CPU
		{4866428B-71CB-46BB-BAD9-754BE8BC0237}.Release|Any CPU.Build.0 = Release|Any CPU
	EndGlobalSection
	GlobalSection(SolutionProperties) = preSolution
		HideSolutionNode = FALSE
	EndGlobalSection
	GlobalSection(ExtensibilityGlobals) = postSolution
		SolutionGuid = {D57642A4-96FB-4F49-B56D-C8113A95B20F}
	EndGlobalSection
EndGlobal
